
Microsoft Visual Studio Solution File, Format Version 12.00
# Visual Studio Version 16
VisualStudioVersion = 16.0.30907.101
MinimumVisualStudioVersion = 10.0.40219.1
Project("{8BC9CEB8-8B4A-11D0-8D11-00A0C91BC942}") = "JYM1_TASK _1_CLASS ROSTER_MarthaWeldeyesus", "JYM1_TASK _1_CLASS ROSTER_MarthaWeldeyesus\JYM1_TASK _1_CLASS ROSTER_MarthaWeldeyesus.vcxproj", "{9D474B8D-5CB9-4E5B-8A50-8E08F3E8EACF}"
EndProject
Global
	GlobalSection(SolutionConfigurationPlatforms) = preSolution
		Debug|x64 = Debug|x64
		Debug|x86 = Debug|x86
		Release|x64 = Release|x64
		Release|x86 = Release|x86
	EndGlobalSection
	GlobalSection(ProjectConfigurationPlatforms) = postSolution
		{9D474B8D-5CB9-4E5B-8A50-8E08F3E8EACF}.Debug|x64.ActiveCfg = Debug|x64
		{9D474B8D-5CB9-4E5B-8A50-8E08F3E8EACF}.Debug|x64.Build.0 = Debug|x64
		{9D474B8D-5CB9-4E5B-8A50-8E08F3E8EACF}.Debug|x86.ActiveCfg = Debug|Win32
		{9D474B8D-5CB9-4E5B-8A50-8E08F3E8EACF}.Debug|x86.Build.0 = Debug|Win32
		{9D474B8D-5CB9-4E5B-8A50-8E08F3E8EACF}.Release|x64.ActiveCfg = Release|x64
		{9D474B8D-5CB9-4E5B-8A50-8E08F3E8EACF}.Release|x64.Build.0 = Release|x64
		{9D474B8D-5CB9-4E5B-8A50-8E08F3E8EACF}.Release|x86.ActiveCfg = Release|Win32
		{9D474B8D-5CB9-4E5B-8A50-8E08F3E8EACF}.Release|x86.Build.0 = Release|Win32
	EndGlobalSection
	GlobalSection(SolutionProperties) = preSolution
		HideSolutionNode = FALSE
	EndGlobalSection
	GlobalSection(ExtensibilityGlobals) = postSolution
		SolutionGuid = {52000A04-3DD2-4FCF-9F61-FE90B9B5AA92}
	EndGlobalSection
EndGlobal
